
Microsoft Visual Studio Solution File, Format Version 12.00
# Visual Studio 2013
VisualStudioVersion = 12.0.31101.0
MinimumVisualStudioVersion = 10.0.40219.1
Project("{FAE04EC0-301F-11D3-BF4B-00C04F79EFBC}") = "GlobstarFileSearch", "GlobstarFileSearch\GlobstarFileSearch.csproj", "{651DA459-8D78-4A43-BE42-2AF11F8DCECF}"
EndProject
Project("{FAE04EC0-301F-11D3-BF4B-00C04F79EFBC}") = "GlobstarFileSearchTest", "GlobstarFileSearchTest\GlobstarFileSearchTest.csproj", "{D0F102FA-313E-41AC-AF94-B918710A5A08}"
EndProject
Global
	GlobalSection(SolutionConfigurationPlatforms) = preSolution
		Debug|Any CPU = Debug|Any CPU
		Release|Any CPU = Release|Any CPU
	EndGlobalSection
	GlobalSection(ProjectConfigurationPlatforms) = postSolution
		{651DA459-8D78-4A43-BE42-2AF11F8DCECF}.Debug|Any CPU.ActiveCfg = Debug|Any CPU
		{651DA459-8D78-4A43-BE42-2AF11F8DCECF}.Debug|Any CPU.Build.0 = Debug|Any CPU
		{651DA459-8D78-4A43-BE42-2AF11F8DCECF}.Release|Any CPU.ActiveCfg = Release|Any CPU
		{651DA459-8D78-4A43-BE42-2AF11F8DCECF}.Release|Any CPU.Build.0 = Release|Any CPU
		{D0F102FA-313E-41AC-AF94-B918710A5A08}.Debug|Any CPU.ActiveCfg = Debug|Any CPU
		{D0F102FA-313E-41AC-AF94-B918710A5A08}.Debug|Any CPU.Build.0 = Debug|Any CPU
		{D0F102FA-313E-41AC-AF94-B918710A5A08}.Release|Any CPU.ActiveCfg = Release|Any CPU
		{D0F102FA-313E-41AC-AF94-B918710A5A08}.Release|Any CPU.Build.0 = Release|Any CPU
	EndGlobalSection
	GlobalSection(SolutionProperties) = preSolution
		HideSolutionNode = FALSE
	EndGlobalSection
EndGlobal
